:root { --ink:#17203a; --blue:#315bff; --lavender:#f3efff; --purple:#8b63f6; --yellow:#ffd84d; --mint:#55d6a0; --coral:#ff7465; --shadow:0 14px 38px rgba(63,48,124,.10); }
*{box-sizing:border-box} html{scroll-behavior:smooth} body{margin:0;background:var(--lavender);color:var(--ink);font-family:"Trebuchet MS","Avenir Next",Avenir,Arial,sans-serif} button,input,select{font:inherit} button{color:inherit} button:focus-visible,input:focus-visible,select:focus-visible{outline:3px solid rgba(49,91,255,.35);outline-offset:2px}.loading{min-height:100vh;display:grid;place-items:center;font-weight:800}.app-shell{min-height:100vh;display:grid;grid-template-columns:230px 1fr;gap:0}.sidebar{position:sticky;top:0;height:100vh;margin:18px 0 18px 18px;padding:24px 17px;border-radius:25px;background:rgba(255,255,255,.92);box-shadow:var(--shadow);display:flex;flex-direction:column}.logo{display:flex;align-items:center;gap:12px;font-size:24px;padding:0 8px 28px}.brand-mark{width:60px;height:60px;border-radius:19px;background:linear-gradient(145deg,#3675ff,#1748ed);display:grid;place-items:center;color:#fff;font-weight:900;font-size:32px;box-shadow:0 9px 20px rgba(49,91,255,.25);position:relative}.brand-mark span{position:absolute;color:var(--yellow);font-size:12px;top:14px}.brand-mark.small{width:46px;height:46px;border-radius:14px;font-size:24px}.brand-mark.small span{font-size:9px;top:10px}.sidebar nav{display:grid;gap:8px}.sidebar button{border:0;background:none;cursor:pointer}.sidebar nav button,.side-bottom>button{min-height:54px;border-radius:15px;text-align:left;padding:0 15px;font-weight:600;font-size:15px;display:flex;align-items:center;gap:14px}.sidebar nav .active{background:var(--blue);color:#fff;box-shadow:0 8px 18px rgba(49,91,255,.22)}.side-bottom{margin-top:auto;border-top:1px solid #e7e4f3;padding-top:14px}.profile{display:flex;align-items:center;gap:11px;padding:16px 8px 0;font-weight:700}.profile>div{width:40px;height:40px;border-radius:50%;display:grid;place-items:center;background:#dfd7ff;color:#5639bd}.profile button{margin-left:auto}.content{padding:35px 40px 80px;min-width:0;max-width:1500px;width:100%;margin:auto}.content header{display:flex;align-items:center;justify-content:space-between;margin-bottom:22px}.content header h1{font-size:34px;letter-spacing:-1.2px;margin:0}.wave{display:inline-block;animation:wave 2s infinite;transform-origin:70% 70%}.mobile-brand{display:none}.round-button{border:0;background:#fff;border-radius:15px;width:48px;height:48px;box-shadow:var(--shadow);cursor:pointer}.hero-card,.movements,.tip-card,.budget-card,.insight-card{background:#fff;border-radius:24px;box-shadow:var(--shadow)}.hero-card{min-height:225px;padding:34px 42px;display:grid;grid-template-columns:1.1fr .7fr .8fr;align-items:center;overflow:hidden}.hero-card p{font-size:20px;margin:0 0 8px}.hero-card strong{display:block;font-size:58px;letter-spacing:-3px}.hero-card small{display:block;color:#77809a;margin-top:7px}.hero-card img{width:210px;height:165px;object-fit:contain;justify-self:center}.primary{border:0;background:var(--blue);color:#fff;border-radius:17px;min-height:52px;padding:0 24px;font-weight:800;cursor:pointer;box-shadow:0 9px 18px rgba(49,91,255,.22);transition:.18s ease}.primary:hover{transform:translateY(-2px)}.primary:active{transform:scale(.98)}.add-button{height:68px;font-size:18px}.add-button b{display:inline-grid;place-items:center;background:#fff;color:var(--blue);width:35px;height:35px;border-radius:50%;margin-right:10px}.dashboard-grid{display:grid;grid-template-columns:minmax(0,1fr) 310px;gap:18px;margin-top:18px}.section-title{display:flex;align-items:center;justify-content:space-between;margin:16px 4px 10px}.section-title h2{font-size:19px;margin:0}.section-title span,.section-title button{color:#747d96;font-size:13px;border:0;background:none;cursor:pointer}.category-grid{display:grid;grid-template-columns:repeat(4,1fr);gap:12px}.category-card{min-height:185px;border:5px solid #fff;border-radius:23px;padding:17px;text-align:left;position:relative;box-shadow:var(--shadow);cursor:pointer;display:flex;flex-direction:column;transition:.18s ease}.category-card:hover{transform:translateY(-3px)}.category-card.selected{outline:3px solid var(--blue)}.category-card.mint,.merchant-icon.mint{background:#e9fbf3}.category-card.blue,.merchant-icon.blue{background:#ebf1ff}.category-card.coral,.merchant-icon.coral{background:#fff0ed}.category-card.purple,.merchant-icon.purple{background:#f2edff}.category-card.pink,.merchant-icon.pink{background:#fff0f6}.category-card.yellow,.merchant-icon.yellow{background:#fff8d8}.category-card.cyan,.merchant-icon.cyan{background:#e8faff}.category-card.gray,.merchant-icon.gray{background:#f1f2f6}.category-name{font-weight:800}.category-emoji{font-size:54px;text-align:center;filter:drop-shadow(0 8px 8px rgba(28,31,64,.14));margin:auto}.category-card strong{font-size:15px}.category-card i{position:absolute;right:15px;bottom:13px;background:rgba(255,255,255,.68);width:26px;height:26px;border-radius:50%;display:grid;place-items:center;font-style:normal}.movements{margin-top:18px;padding:16px 20px 13px;min-height:260px}.movements .section-title{margin:0 0 9px}.movement-list{display:grid}.movement-row{display:grid;grid-template-columns:43px minmax(0,1fr) 90px 120px;align-items:center;gap:12px;border:0;border-top:1px solid #eeecf5;background:none;padding:9px 2px;text-align:left;cursor:pointer}.movement-row:hover{background:#faf9ff}.merchant-icon{width:37px;height:37px;border-radius:11px;display:grid;place-items:center;font-size:20px}.merchant{display:grid;gap:2px}.merchant small{color:#858ba0}.movement-row time{font-size:13px;color:#747d96}.movement-row>strong{text-align:right}.empty{text-align:center;padding:22px}.empty>span{font-size:42px}.empty h3{margin:8px 0 4px}.empty p{margin:0 auto 14px;color:#747d96;max-width:380px}.empty button{border:0;color:var(--blue);font-weight:800;background:#edf1ff;border-radius:12px;padding:10px 14px;cursor:pointer}.right-column{display:grid;align-content:start;gap:16px}.tip-card{min-height:245px;background:linear-gradient(135deg,#fff9d7,#fffef8);padding:25px 14px 18px 23px;display:grid;grid-template-columns:1fr 125px;overflow:hidden}.tip-card b{background:var(--yellow);display:inline-block;padding:7px 11px;border-radius:9px}.tip-card p{font-size:14px;line-height:1.55;font-weight:600}.tip-card img{width:155px;height:200px;object-fit:contain;align-self:end;margin-left:-20px}.budget-card{padding:23px}.budget-head{display:flex;align-items:center;gap:13px}.budget-head>span{font-size:28px;background:#eee8ff;padding:10px;border-radius:15px}.budget-head p{margin:0 0 5px;font-size:13px}.budget-head strong{font-size:19px}.progress{height:12px;background:#e9e9ec;border-radius:10px;margin:24px 0 14px;overflow:hidden}.progress i{display:block;height:100%;background:linear-gradient(90deg,#5b7cff,#315bff);border-radius:inherit;transition:width .6s ease}.percentage{font-size:36px;color:var(--blue)}.budget-card>p{margin:2px 0;color:#636b82}.budget-card>small{display:block;margin-top:9px;color:#22a676;font-weight:700}.insight-card{padding:17px;display:flex;gap:12px}.insight-card>span{font-size:22px}.insight-card p{margin:4px 0 0;font-size:13px;color:#747d96;line-height:1.45}.mobile-add{display:none}.modal-backdrop{position:fixed;z-index:50;inset:0;background:rgba(19,25,50,.47);backdrop-filter:blur(6px);display:grid;place-items:center;padding:18px;animation:fade .18s ease}.modal{width:min(650px,100%);max-height:94vh;overflow:auto;background:#fff;border-radius:27px;padding:28px;box-shadow:0 28px 80px rgba(21,24,55,.25);animation:pop .22s ease}.modal-head{display:flex;justify-content:space-between;align-items:start;margin-bottom:18px}.modal-head p{margin:0 0 5px;color:var(--blue);font-size:11px;letter-spacing:1.5px;font-weight:900}.modal-head h2{margin:0;font-size:27px}.modal-head button{border:0;background:#f1eff8;border-radius:50%;font-size:25px;width:40px;height:40px;cursor:pointer}.modal label{display:grid;gap:7px;font-size:13px;font-weight:800}.modal input,.modal select{border:1px solid #dedbea;background:#faf9ff;border-radius:13px;min-height:48px;padding:0 13px;color:var(--ink)}.amount-label input{height:64px;font-size:31px;font-weight:900;color:var(--blue)}.modal fieldset{border:0;padding:0;margin:20px 0}.modal legend{font-size:13px;font-weight:800;margin-bottom:8px}.category-picker{display:grid;grid-template-columns:repeat(4,1fr);gap:8px}.category-picker label input{position:absolute;opacity:0}.category-picker label span{min-height:68px;border:2px solid #edeaf6;border-radius:14px;display:grid;place-items:center;font-size:23px;cursor:pointer}.category-picker small{font-size:10px}.category-picker input:checked+span{border-color:var(--blue);background:#edf1ff}.form-grid{display:grid;grid-template-columns:1fr 1fr;gap:13px}.modal-actions{display:flex;justify-content:flex-end;gap:10px;margin-top:23px}.danger{border:0;background:#fff0ef;color:#d64c43;border-radius:14px;padding:0 18px;font-weight:800;cursor:pointer}.settings-modal{max-width:520px}.settings-modal>label{margin:13px 0}.settings-actions{display:grid;grid-template-columns:1fr 1fr;gap:10px;margin:20px 0}.settings-actions button,.import-button{border:1px solid #dcd8ec;background:#f8f6ff;border-radius:14px;min-height:50px;display:grid;place-items:center;text-align:center;cursor:pointer;font-weight:800;font-size:12px}.import-button input{display:none}.security-box{display:flex;gap:12px;background:#edf9f4;border-radius:15px;padding:15px}.security-box p{margin:0;font-size:12px;line-height:1.5}.security-box>span{font-size:24px}.toast{position:fixed;z-index:80;left:50%;bottom:28px;transform:translateX(-50%);background:#17203a;color:#fff;padding:14px 20px;border-radius:14px;box-shadow:var(--shadow);font-weight:800;animation:pop .2s ease}.auth-page{min-height:100vh;display:grid;grid-template-columns:minmax(390px,520px) 1fr;gap:60px;align-items:center;max-width:1180px;margin:auto;padding:55px}.auth-card{background:#fff;border-radius:32px;padding:43px;box-shadow:var(--shadow)}.auth-card .eyebrow{font-size:11px;color:var(--blue);font-weight:900;letter-spacing:2px;margin:18px 0 8px}.auth-card h1{font-size:38px;letter-spacing:-1.5px;margin:0}.auth-card>p:not(.eyebrow):not(.privacy-note){color:#6d748a;line-height:1.55}.auth-card form{display:grid;gap:13px;margin-top:25px}.auth-card label{display:grid;gap:6px;font-size:12px;font-weight:800}.auth-card input{height:50px;border:1px solid #dad7e9;border-radius:13px;padding:0 14px}.wide{width:100%;margin-top:7px}.form-error{color:#c93e38!important;background:#fff1f0;padding:10px;border-radius:10px;font-size:12px}.privacy-note{font-size:11px;text-align:center;color:#7a8193;margin:18px 0 0}.auth-art{text-align:center;position:relative}.auth-art h2{font-size:42px;letter-spacing:-2px}.big-coin{width:210px;height:210px;border-radius:50%;margin:auto;background:linear-gradient(145deg,#ffe97e,#ffc929);border:12px solid #ffdc4f;display:grid;place-items:center;font-size:110px;font-weight:900;color:#fff;box-shadow:0 25px 50px rgba(255,199,34,.27);text-shadow:0 5px 0 #e5aa15}.sticker{position:absolute;background:#fff;border-radius:22px;padding:17px;font-size:43px;box-shadow:var(--shadow)}.s1{left:3%;top:-20px;transform:rotate(-10deg)}.s2{right:8%;top:30px;transform:rotate(8deg)}.s3{right:18%;bottom:40px;transform:rotate(-7deg)}
.analytics{margin-top:32px;scroll-margin-top:24px}.analytics-heading{display:flex;justify-content:space-between;align-items:end;margin:0 4px 16px}.analytics-heading>div>span{font-size:10px;letter-spacing:1.7px;color:var(--blue);font-weight:900}.analytics-heading h2{font-size:28px;margin:5px 0 3px;letter-spacing:-.8px}.analytics-heading p{margin:0;color:#747d96;font-size:14px}.analytics-sticker{display:flex;align-items:center;gap:8px;background:#fff;border:3px solid #fff;border-radius:16px;padding:8px 12px;font-size:25px;box-shadow:var(--shadow);transform:rotate(2deg)}.analytics-sticker i{font-size:11px;font-style:normal;font-weight:900;color:#6247bd}.analytics-grid{display:grid;grid-template-columns:1.25fr .85fr;gap:16px}.chart-card{background:#fff;border-radius:24px;padding:23px;box-shadow:var(--shadow);min-width:0}.trend-card{grid-row:span 2}.chart-title{display:flex;justify-content:space-between;align-items:start}.chart-title span{display:block;color:#81879b;text-transform:uppercase;font-size:9px;letter-spacing:1.2px;font-weight:900}.chart-title h3{font-size:18px;margin:4px 0}.chart-title>b{text-align:right;font-size:18px}.chart-title>b small{display:block;color:#8a90a3;font-size:9px;margin-top:4px}.tiny-sticker{font-size:25px!important;background:#f5f2ff;border-radius:12px;padding:7px}.bar-chart{height:245px;display:flex;align-items:end;gap:13px;padding:32px 6px 0;border-bottom:1px solid #e7e5ef;margin-top:16px;background:repeating-linear-gradient(to top,transparent 0,transparent 60px,#f0eef6 61px)}.bar-column{height:100%;flex:1;display:flex;flex-direction:column;justify-content:end;align-items:center;position:relative}.bar{width:min(48px,80%);height:var(--height);min-height:4px;background:#dcd6f7;border-radius:11px 11px 4px 4px;transition:height .6s cubic-bezier(.2,.8,.2,1)}.bar.current{background:linear-gradient(#6e86ff,#315bff);box-shadow:0 8px 18px rgba(49,91,255,.22)}.bar-value{position:absolute;bottom:calc(var(--height) + 27px);font-size:9px;font-weight:900;white-space:nowrap}.bar-column>small{font-size:10px;text-transform:capitalize;color:#7d8397;margin:8px 0 -20px}.chart-foot{background:#f8f6ff;color:#697086;border-radius:13px;padding:11px 13px;font-size:11px;line-height:1.45;margin:34px 0 0}.donut-wrap{display:grid;grid-template-columns:130px 1fr;gap:18px;align-items:center;margin-top:14px}.donut{width:130px;height:130px;border-radius:50%;display:grid;place-items:center;position:relative}.donut::after{content:"";width:76px;height:76px;background:#fff;border-radius:50%;position:absolute}.donut>div{z-index:1;text-align:center;display:grid}.donut strong{font-size:24px}.donut small{font-size:9px;color:#7d8397}.donut-legend{display:grid;gap:9px}.donut-legend>div:not(.soft-empty){display:grid;grid-template-columns:8px 1fr auto;align-items:center;gap:7px;font-size:11px}.donut-legend i{width:8px;height:8px;border-radius:50%}.donut-legend b{font-size:11px}.soft-empty{text-align:center;color:#747d96}.soft-empty>span{font-size:29px}.soft-empty p{font-size:11px;line-height:1.4}.rhythm-stats{display:grid;grid-template-columns:1fr 1fr;gap:10px;margin:14px 0}.rhythm-stats>div{background:#f8f6ff;border-radius:14px;padding:12px}.rhythm-stats span{font-size:9px;color:#747d96}.rhythm-stats strong{display:block;font-size:17px;margin-top:4px}.rhythm-stats small{font-size:10px;color:#747d96}.day-dots{display:grid;grid-template-columns:repeat(16,1fr);gap:5px;margin:14px 2px}.day-dots i{aspect-ratio:1;border-radius:50%;background:#ebe9f2}.day-dots i.spent{background:var(--blue);box-shadow:0 3px 7px rgba(49,91,255,.25)}.rhythm-card .chart-foot{margin-top:13px}
@keyframes wave{0%,60%,100%{transform:rotate(0)}10%{transform:rotate(14deg)}20%{transform:rotate(-8deg)}30%{transform:rotate(14deg)}40%{transform:rotate(-4deg)}}@keyframes fade{from{opacity:0}}@keyframes pop{from{opacity:0;transform:translateY(8px) scale(.98)}}
@media (max-width:1100px){.dashboard-grid{grid-template-columns:1fr}.right-column{grid-template-columns:1fr 1fr}.insight-card{display:none}.tip-card{min-height:210px}.hero-card{grid-template-columns:1fr .55fr}.hero-card .add-button{grid-column:1/-1;margin-top:12px}.category-card{min-height:165px}.analytics-grid{grid-template-columns:1fr 1fr}.trend-card{grid-column:1/-1;grid-row:auto}}
@media (max-width:760px){body{background:#f6f3ff}.app-shell{display:block}.sidebar{display:none}.content{padding:20px 15px 105px}.content header{margin-bottom:16px}.mobile-brand{display:block;color:var(--blue);font-size:10px;font-weight:900;letter-spacing:1.5px;margin:0 0 3px}.content header h1{font-size:24px}.hero-card{display:block;min-height:220px;padding:25px 22px;position:relative}.hero-card p{font-size:15px}.hero-card strong{font-size:39px;letter-spacing:-2px}.hero-card small{max-width:55%}.hero-card img{position:absolute;right:3px;bottom:2px;width:150px;height:135px}.hero-card .add-button{display:none}.dashboard-grid{display:block}.section-title{margin-top:22px}.category-grid{display:flex;overflow:auto;scroll-snap-type:x mandatory;padding-bottom:6px}.category-card{min-width:142px;min-height:160px;scroll-snap-align:start}.category-emoji{font-size:45px}.movements{padding:15px;margin-bottom:18px}.movement-row{grid-template-columns:38px minmax(0,1fr) 88px}.movement-row time{display:none}.movement-row>strong{font-size:13px}.right-column{display:block}.tip-card{display:none}.budget-card{margin-top:16px}.mobile-add{display:block;position:fixed;z-index:20;bottom:18px;left:50%;transform:translateX(-50%);width:calc(100% - 30px);max-width:500px;height:58px;border:0;border-radius:18px;background:var(--blue);color:#fff;font-weight:900;box-shadow:0 12px 30px rgba(49,91,255,.36)}.modal-backdrop{align-items:end;padding:0}.modal{border-radius:27px 27px 0 0;padding:22px 18px;max-height:92vh}.category-picker{display:flex;overflow:auto}.category-picker label span{width:75px}.form-grid{grid-template-columns:1fr}.modal-actions{position:sticky;bottom:0;background:#fff;padding-top:12px}.modal-actions .primary{flex:1}.settings-actions{grid-template-columns:1fr}.toast{bottom:88px;width:max-content;max-width:90%;text-align:center}.auth-page{display:block;padding:18px;min-height:100vh}.auth-card{padding:28px 22px;margin-top:30px}.auth-card h1{font-size:31px}.auth-art{display:none}}
@media (max-width:760px){.analytics{margin-top:26px}.analytics-heading{align-items:start}.analytics-heading h2{font-size:23px}.analytics-heading p{font-size:12px;max-width:240px}.analytics-sticker{display:none}.analytics-grid{display:block}.chart-card{margin-top:12px;padding:18px}.bar-chart{height:210px;gap:6px}.bar-value{display:none}.bar-column>small{font-size:9px}.donut-wrap{grid-template-columns:120px 1fr}.donut{width:120px;height:120px}.day-dots{grid-template-columns:repeat(16,1fr)}}
@media (prefers-reduced-motion:reduce){*,*::before,*::after{animation:none!important;scroll-behavior:auto!important;transition:none!important}}
